{
  "version": 4,
  "terraform_version": "1.2.1",
  "serial": 245,
  "lineage": "adb93d1c-34a1-a0bd-d71d-d27fd11ae222",
  "outputs": {},
  "resources": [
    {
      "mode": "managed",
      "type": "azurerm_lb",
      "name": "example",
      "provider": "provider[\"registry.terraform.io/hashicorp/azurerm\"]",
      "instances": [
        {
          "schema_version": 0,
          "attributes": {
            "frontend_ip_configuration": [
              {
                "availability_zone": "No-Zone",
                "gateway_load_balancer_frontend_ip_configuration_id": "",
                "id": "/subscriptions/7d5282a7-b9fc-4ebe-877a-f837b0827639/resourceGroups/myresourcegoup/providers/Microsoft.Network/loadBalancers/TestLoadBalancer/frontendIPConfigurations/PublicIPAddress",
                "inbound_nat_rules": [],
                "load_balancer_rules": [],
                "name": "PublicIPAddress",
                "outbound_rules": [],
                "private_ip_address": "",
                "private_ip_address_allocation": "Dynamic",
                "private_ip_address_version": "",
                "public_ip_address_id": "/subscriptions/7d5282a7-b9fc-4ebe-877a-f837b0827639/resourceGroups/myresourcegoup/providers/Microsoft.Network/publicIPAddresses/PublicIPForLB",
                "public_ip_prefix_id": "",
                "subnet_id": "",
                "zones": []
              }
            ],
            "id": "/subscriptions/7d5282a7-b9fc-4ebe-877a-f837b0827639/resourceGroups/myresourcegoup/providers/Microsoft.Network/loadBalancers/TestLoadBalancer",
            "location": "westeurope",
            "name": "TestLoadBalancer",
            "private_ip_address": "",
            "private_ip_addresses": [],
            "resource_group_name": "myresourcegoup",
            "sku": "Basic",
            "sku_tier": "Regional",
            "tags": {},
            "timeouts": null
          },
          "sensitive_attributes": [],
          "private": "eyJlMmJmYjczMC1lY2FhLTExZTYtOGY4OC0zNDM2M2JjN2M0YzAiOnsiY3JlYXRlIjoxODAwMDAwMDAwMDAwLCJkZWxldGUiOjE4MDAwMDAwMDAwMDAsInJlYWQiOjMwMDAwMDAwMDAwMCwidXBkYXRlIjoxODAwMDAwMDAwMDAwfX0=",
          "dependencies": [
            "azurerm_public_ip.publicip_lb",
            "azurerm_resource_group.rg"
          ]
        }
      ]
    },
    {
      "mode": "managed",
      "type": "azurerm_linux_virtual_machine",
      "name": "myterraformvm1",
      "provider": "provider[\"registry.terraform.io/hashicorp/azurerm\"]",
      "instances": [
        {
          "schema_version": 0,
          "attributes": {
            "additional_capabilities": [],
            "admin_password": null,
            "admin_ssh_key": [
              {
                "public_key": "ssh-rsa AAAAB3NzaC1yc2EAAAADAQABAAACAQDM7SHae5+qCdvoENtmGKojUmTzIUDSw8/+MRR6AZ2nJKPn8aPgxnXyoc9IzWJikUCQBIR3ByoY6e38/WaN8zTeyGQjb3yfvDmMlZ5pPjHAJfjmO+kLN92N75uL2VIcAFA6ZdNatNffYRtt3xfULHoL8ufcF2jBL/HBu9nSDvRP3YvZoErecxQUpAyQJ4Ew8iE2UjsM8tKAfveoCHvdBT/4QsdCdzrZfRRPxQ0NPOu9ndRFG0DNb3tioCB0SEfjJF5gpL0Q7/8FtndEjK3FF7RbctoRrBnNxjhObniT7XBtSUdADo3Pg1+c1VBMBcJkgaeTWZZnByMJCa8AM0w+EjxKmpeqv41BoQQlx03iWa7u705FDh6fZlGKVyUrFlseQX6wsJArKiPSwSylm4enW9RAlEteZWs75HlKIERKx9SPxi8jU7JVbXOHrYIe7DevhRC/JPwgjsLRgs9JwChSc/C2/IxYyR8savLynGjB+01BxEHjvnwPJ+9onUeAM9LkGIIyMduliZ6uC+9j8mJorLdOgkjB/JoMixlCZEjvJXftkDKgYs66ePQCf+Rge8nzzWoEu74n5jnW9rey/fTmi055LdT+FMNeaSiPHJD//E8oOXw/sKEUrri0kdYDz/64gUgqqpTmTH7e3zG93JlVjXY2wYtT4GQkvevzcRaHFI88Pw==\n",
                "username": "azureuser"
              }
            ],
            "admin_username": "azureuser",
            "allow_extension_operations": true,
            "availability_set_id": "",
            "boot_diagnostics": [
              {
                "storage_account_uri": "https://ishanstorage.blob.core.windows.net/"
              }
            ],
            "computer_name": "myvm1",
            "custom_data": null,
            "dedicated_host_group_id": "",
            "dedicated_host_id": "",
            "disable_password_authentication": true,
            "encryption_at_host_enabled": false,
            "eviction_policy": "",
            "extensions_time_budget": "PT1H30M",
            "id": "/subscriptions/7d5282a7-b9fc-4ebe-877a-f837b0827639/resourceGroups/myresourcegoup/providers/Microsoft.Compute/virtualMachines/vm1",
            "identity": [],
            "license_type": "",
            "location": "westeurope",
            "max_bid_price": -1,
            "name": "vm1",
            "network_interface_ids": [
              "/subscriptions/7d5282a7-b9fc-4ebe-877a-f837b0827639/resourceGroups/myresourcegoup/providers/Microsoft.Network/networkInterfaces/myNIC1"
            ],
            "os_disk": [
              {
                "caching": "ReadWrite",
                "diff_disk_settings": [],
                "disk_encryption_set_id": "",
                "disk_size_gb": 30,
                "name": "myOsDisk1",
                "storage_account_type": "Premium_LRS",
                "write_accelerator_enabled": false
              }
            ],
            "patch_mode": "ImageDefault",
            "plan": [],
            "platform_fault_domain": -1,
            "priority": "Regular",
            "private_ip_address": "10.0.1.4",
            "private_ip_addresses": [
              "10.0.1.4"
            ],
            "provision_vm_agent": true,
            "proximity_placement_group_id": "",
            "public_ip_address": "40.68.100.180",
            "public_ip_addresses": [
              "40.68.100.180"
            ],
            "resource_group_name": "myresourcegoup",
            "secret": [],
            "secure_boot_enabled": false,
            "size": "Standard_B1s",
            "source_image_id": "",
            "source_image_reference": [
              {
                "offer": "UbuntuServer",
                "publisher": "Canonical",
                "sku": "18.04-LTS",
                "version": "latest"
              }
            ],
            "tags": {
              "AutoShutdownSchedule": "19:00-\u003e|"
            },
            "timeouts": null,
            "user_data": "",
            "virtual_machine_id": "3fa473dc-a19a-4845-84cf-120e907215ef",
            "virtual_machine_scale_set_id": "",
            "vtpm_enabled": false,
            "zone": ""
          },
          "sensitive_attributes": [],
          "private": "eyJlMmJmYjczMC1lY2FhLTExZTYtOGY4OC0zNDM2M2JjN2M0YzAiOnsiY3JlYXRlIjoyNzAwMDAwMDAwMDAwLCJkZWxldGUiOjI3MDAwMDAwMDAwMDAsInJlYWQiOjMwMDAwMDAwMDAwMCwidXBkYXRlIjoyNzAwMDAwMDAwMDAwfX0=",
          "dependencies": [
            "azurerm_network_interface.myterraformnic1",
            "azurerm_public_ip.myterraformpublicip1",
            "azurerm_resource_group.rg",
            "azurerm_storage_account.mystorageaccount",
            "azurerm_subnet.myterraformsubnet1",
            "azurerm_virtual_network.myterraformnetwork",
            "tls_private_key.example_ssh"
          ]
        }
      ]
    },
    {
      "mode": "managed",
      "type": "azurerm_linux_virtual_machine",
      "name": "myterraformvm2",
      "provider": "provider[\"registry.terraform.io/hashicorp/azurerm\"]",
      "instances": [
        {
          "schema_version": 0,
          "attributes": {
            "additional_capabilities": [],
            "admin_password": null,
            "admin_ssh_key": [
              {
                "public_key": "ssh-rsa AAAAB3NzaC1yc2EAAAADAQABAAACAQDM7SHae5+qCdvoENtmGKojUmTzIUDSw8/+MRR6AZ2nJKPn8aPgxnXyoc9IzWJikUCQBIR3ByoY6e38/WaN8zTeyGQjb3yfvDmMlZ5pPjHAJfjmO+kLN92N75uL2VIcAFA6ZdNatNffYRtt3xfULHoL8ufcF2jBL/HBu9nSDvRP3YvZoErecxQUpAyQJ4Ew8iE2UjsM8tKAfveoCHvdBT/4QsdCdzrZfRRPxQ0NPOu9ndRFG0DNb3tioCB0SEfjJF5gpL0Q7/8FtndEjK3FF7RbctoRrBnNxjhObniT7XBtSUdADo3Pg1+c1VBMBcJkgaeTWZZnByMJCa8AM0w+EjxKmpeqv41BoQQlx03iWa7u705FDh6fZlGKVyUrFlseQX6wsJArKiPSwSylm4enW9RAlEteZWs75HlKIERKx9SPxi8jU7JVbXOHrYIe7DevhRC/JPwgjsLRgs9JwChSc/C2/IxYyR8savLynGjB+01BxEHjvnwPJ+9onUeAM9LkGIIyMduliZ6uC+9j8mJorLdOgkjB/JoMixlCZEjvJXftkDKgYs66ePQCf+Rge8nzzWoEu74n5jnW9rey/fTmi055LdT+FMNeaSiPHJD//E8oOXw/sKEUrri0kdYDz/64gUgqqpTmTH7e3zG93JlVjXY2wYtT4GQkvevzcRaHFI88Pw==\n",
                "username": "azureuser"
              }
            ],
            "admin_username": "azureuser",
            "allow_extension_operations": true,
            "availability_set_id": "",
            "boot_diagnostics": [
              {
                "storage_account_uri": "https://ishanstorage.blob.core.windows.net/"
              }
            ],
            "computer_name": "myvm2",
            "custom_data": null,
            "dedicated_host_group_id": "",
            "dedicated_host_id": "",
            "disable_password_authentication": true,
            "encryption_at_host_enabled": false,
            "eviction_policy": "",
            "extensions_time_budget": "PT1H30M",
            "id": "/subscriptions/7d5282a7-b9fc-4ebe-877a-f837b0827639/resourceGroups/myresourcegoup/providers/Microsoft.Compute/virtualMachines/vm2",
            "identity": [],
            "license_type": "",
            "location": "westeurope",
            "max_bid_price": -1,
            "name": "vm2",
            "network_interface_ids": [
              "/subscriptions/7d5282a7-b9fc-4ebe-877a-f837b0827639/resourceGroups/myresourcegoup/providers/Microsoft.Network/networkInterfaces/myNIC2"
            ],
            "os_disk": [
              {
                "caching": "ReadWrite",
                "diff_disk_settings": [],
                "disk_encryption_set_id": "",
                "disk_size_gb": 30,
                "name": "myOsDisk2",
                "storage_account_type": "Premium_LRS",
                "write_accelerator_enabled": false
              }
            ],
            "patch_mode": "ImageDefault",
            "plan": [],
            "platform_fault_domain": -1,
            "priority": "Regular",
            "private_ip_address": "10.0.2.4",
            "private_ip_addresses": [
              "10.0.2.4"
            ],
            "provision_vm_agent": true,
            "proximity_placement_group_id": "",
            "public_ip_address": "40.68.103.80",
            "public_ip_addresses": [
              "40.68.103.80"
            ],
            "resource_group_name": "myresourcegoup",
            "secret": [],
            "secure_boot_enabled": false,
            "size": "Standard_B1s",
            "source_image_id": "",
            "source_image_reference": [
              {
                "offer": "UbuntuServer",
                "publisher": "Canonical",
                "sku": "18.04-LTS",
                "version": "latest"
              }
            ],
            "tags": {
              "AutoShutdownSchedule": "19:00-\u003e|"
            },
            "timeouts": null,
            "user_data": "",
            "virtual_machine_id": "a80ba2a5-d269-4e1e-a762-af31d768dddc",
            "virtual_machine_scale_set_id": "",
            "vtpm_enabled": false,
            "zone": ""
          },
          "sensitive_attributes": [],
          "private": "eyJlMmJmYjczMC1lY2FhLTExZTYtOGY4OC0zNDM2M2JjN2M0YzAiOnsiY3JlYXRlIjoyNzAwMDAwMDAwMDAwLCJkZWxldGUiOjI3MDAwMDAwMDAwMDAsInJlYWQiOjMwMDAwMDAwMDAwMCwidXBkYXRlIjoyNzAwMDAwMDAwMDAwfX0=",
          "dependencies": [
            "azurerm_network_interface.myterraformnic2",
            "azurerm_public_ip.myterraformpublicip2",
            "azurerm_resource_group.rg",
            "azurerm_storage_account.mystorageaccount",
            "azurerm_subnet.myterraformsubnet2",
            "azurerm_virtual_network.myterraformnetwork",
            "tls_private_key.example_ssh"
          ]
        }
      ]
    },
    {
      "mode": "managed",
      "type": "azurerm_network_interface",
      "name": "myterraformnic1",
      "provider": "provider[\"registry.terraform.io/hashicorp/azurerm\"]",
      "instances": [
        {
          "schema_version": 0,
          "attributes": {
            "applied_dns_servers": [],
            "dns_servers": [],
            "enable_accelerated_networking": false,
            "enable_ip_forwarding": false,
            "id": "/subscriptions/7d5282a7-b9fc-4ebe-877a-f837b0827639/resourceGroups/myresourcegoup/providers/Microsoft.Network/networkInterfaces/myNIC1",
            "internal_dns_name_label": "",
            "internal_domain_name_suffix": "yhe3raqaejaunlncow1lksuuee.ax.internal.cloudapp.net",
            "ip_configuration": [
              {
                "gateway_load_balancer_frontend_ip_configuration_id": "",
                "name": "myNicConfiguration1",
                "primary": true,
                "private_ip_address": "10.0.1.4",
                "private_ip_address_allocation": "Dynamic",
                "private_ip_address_version": "IPv4",
                "public_ip_address_id": "/subscriptions/7d5282a7-b9fc-4ebe-877a-f837b0827639/resourceGroups/myresourcegoup/providers/Microsoft.Network/publicIPAddresses/myPublicIP1",
                "subnet_id": "/subscriptions/7d5282a7-b9fc-4ebe-877a-f837b0827639/resourceGroups/myresourcegoup/providers/Microsoft.Network/virtualNetworks/myVnet/subnets/mySubnet1"
              }
            ],
            "location": "westeurope",
            "mac_address": "60-45-BD-8F-99-48",
            "name": "myNIC1",
            "private_ip_address": "10.0.1.4",
            "private_ip_addresses": [
              "10.0.1.4"
            ],
            "resource_group_name": "myresourcegoup",
            "tags": {},
            "timeouts": null,
            "virtual_machine_id": "/subscriptions/7d5282a7-b9fc-4ebe-877a-f837b0827639/resourceGroups/myresourcegoup/providers/Microsoft.Compute/virtualMachines/vm1"
          },
          "sensitive_attributes": [],
          "private": "eyJlMmJmYjczMC1lY2FhLTExZTYtOGY4OC0zNDM2M2JjN2M0YzAiOnsiY3JlYXRlIjoxODAwMDAwMDAwMDAwLCJkZWxldGUiOjE4MDAwMDAwMDAwMDAsInJlYWQiOjMwMDAwMDAwMDAwMCwidXBkYXRlIjoxODAwMDAwMDAwMDAwfX0=",
          "dependencies": [
            "azurerm_public_ip.myterraformpublicip1",
            "azurerm_resource_group.rg",
            "azurerm_subnet.myterraformsubnet1",
            "azurerm_virtual_network.myterraformnetwork"
          ]
        }
      ]
    },
    {
      "mode": "managed",
      "type": "azurerm_network_interface",
      "name": "myterraformnic2",
      "provider": "provider[\"registry.terraform.io/hashicorp/azurerm\"]",
      "instances": [
        {
          "schema_version": 0,
          "attributes": {
            "applied_dns_servers": [],
            "dns_servers": [],
            "enable_accelerated_networking": false,
            "enable_ip_forwarding": false,
            "id": "/subscriptions/7d5282a7-b9fc-4ebe-877a-f837b0827639/resourceGroups/myresourcegoup/providers/Microsoft.Network/networkInterfaces/myNIC2",
            "internal_dns_name_label": "",
            "internal_domain_name_suffix": "yhe3raqaejaunlncow1lksuuee.ax.internal.cloudapp.net",
            "ip_configuration": [
              {
                "gateway_load_balancer_frontend_ip_configuration_id": "",
                "name": "myNicConfiguration2",
                "primary": true,
                "private_ip_address": "10.0.2.4",
                "private_ip_address_allocation": "Dynamic",
                "private_ip_address_version": "IPv4",
                "public_ip_address_id": "/subscriptions/7d5282a7-b9fc-4ebe-877a-f837b0827639/resourceGroups/myresourcegoup/providers/Microsoft.Network/publicIPAddresses/myPublicIP2",
                "subnet_id": "/subscriptions/7d5282a7-b9fc-4ebe-877a-f837b0827639/resourceGroups/myresourcegoup/providers/Microsoft.Network/virtualNetworks/myVnet/subnets/mySubnet2"
              }
            ],
            "location": "westeurope",
            "mac_address": "60-45-BD-8F-9A-D9",
            "name": "myNIC2",
            "private_ip_address": "10.0.2.4",
            "private_ip_addresses": [
              "10.0.2.4"
            ],
            "resource_group_name": "myresourcegoup",
            "tags": {},
            "timeouts": null,
            "virtual_machine_id": "/subscriptions/7d5282a7-b9fc-4ebe-877a-f837b0827639/resourceGroups/myresourcegoup/providers/Microsoft.Compute/virtualMachines/vm2"
          },
          "sensitive_attributes": [],
          "private": "eyJlMmJmYjczMC1lY2FhLTExZTYtOGY4OC0zNDM2M2JjN2M0YzAiOnsiY3JlYXRlIjoxODAwMDAwMDAwMDAwLCJkZWxldGUiOjE4MDAwMDAwMDAwMDAsInJlYWQiOjMwMDAwMDAwMDAwMCwidXBkYXRlIjoxODAwMDAwMDAwMDAwfX0=",
          "dependencies": [
            "azurerm_public_ip.myterraformpublicip2",
            "azurerm_resource_group.rg",
            "azurerm_subnet.myterraformsubnet2",
            "azurerm_virtual_network.myterraformnetwork"
          ]
        }
      ]
    },
    {
      "mode": "managed",
      "type": "azurerm_network_interface_security_group_association",
      "name": "example1",
      "provider": "provider[\"registry.terraform.io/hashicorp/azurerm\"]",
      "instances": [
        {
          "schema_version": 0,
          "attributes": {
            "id": "/subscriptions/7d5282a7-b9fc-4ebe-877a-f837b0827639/resourceGroups/myresourcegoup/providers/Microsoft.Network/networkInterfaces/myNIC1|/subscriptions/7d5282a7-b9fc-4ebe-877a-f837b0827639/resourceGroups/myresourcegoup/providers/Microsoft.Network/networkSecurityGroups/myNetworkSecurityGroup1",
            "network_interface_id": "/subscriptions/7d5282a7-b9fc-4ebe-877a-f837b0827639/resourceGroups/myresourcegoup/providers/Microsoft.Network/networkInterfaces/myNIC1",
            "network_security_group_id": "/subscriptions/7d5282a7-b9fc-4ebe-877a-f837b0827639/resourceGroups/myresourcegoup/providers/Microsoft.Network/networkSecurityGroups/myNetworkSecurityGroup1",
            "timeouts": null
          },
          "sensitive_attributes": [],
          "private": "eyJlMmJmYjczMC1lY2FhLTExZTYtOGY4OC0zNDM2M2JjN2M0YzAiOnsiY3JlYXRlIjoxODAwMDAwMDAwMDAwLCJkZWxldGUiOjE4MDAwMDAwMDAwMDAsInJlYWQiOjMwMDAwMDAwMDAwMCwidXBkYXRlIjoxODAwMDAwMDAwMDAwfX0=",
          "dependencies": [
            "azurerm_network_interface.myterraformnic1",
            "azurerm_network_security_group.myterraformnsg1",
            "azurerm_public_ip.myterraformpublicip1",
            "azurerm_resource_group.rg",
            "azurerm_subnet.myterraformsubnet1",
            "azurerm_virtual_network.myterraformnetwork"
          ]
        }
      ]
    },
    {
      "mode": "managed",
      "type": "azurerm_network_interface_security_group_association",
      "name": "example2",
      "provider": "provider[\"registry.terraform.io/hashicorp/azurerm\"]",
      "instances": [
        {
          "schema_version": 0,
          "attributes": {
            "id": "/subscriptions/7d5282a7-b9fc-4ebe-877a-f837b0827639/resourceGroups/myresourcegoup/providers/Microsoft.Network/networkInterfaces/myNIC2|/subscriptions/7d5282a7-b9fc-4ebe-877a-f837b0827639/resourceGroups/myresourcegoup/providers/Microsoft.Network/networkSecurityGroups/myNetworkSecurityGroup2",
            "network_interface_id": "/subscriptions/7d5282a7-b9fc-4ebe-877a-f837b0827639/resourceGroups/myresourcegoup/providers/Microsoft.Network/networkInterfaces/myNIC2",
            "network_security_group_id": "/subscriptions/7d5282a7-b9fc-4ebe-877a-f837b0827639/resourceGroups/myresourcegoup/providers/Microsoft.Network/networkSecurityGroups/myNetworkSecurityGroup2",
            "timeouts": null
          },
          "sensitive_attributes": [],
          "private": "eyJlMmJmYjczMC1lY2FhLTExZTYtOGY4OC0zNDM2M2JjN2M0YzAiOnsiY3JlYXRlIjoxODAwMDAwMDAwMDAwLCJkZWxldGUiOjE4MDAwMDAwMDAwMDAsInJlYWQiOjMwMDAwMDAwMDAwMCwidXBkYXRlIjoxODAwMDAwMDAwMDAwfX0=",
          "dependencies": [
            "azurerm_network_interface.myterraformnic2",
            "azurerm_network_security_group.myterraformnsg2",
            "azurerm_public_ip.myterraformpublicip2",
            "azurerm_resource_group.rg",
            "azurerm_subnet.myterraformsubnet2",
            "azurerm_virtual_network.myterraformnetwork"
          ]
        }
      ]
    },
    {
      "mode": "managed",
      "type": "azurerm_network_security_group",
      "name": "myterraformnsg1",
      "provider": "provider[\"registry.terraform.io/hashicorp/azurerm\"]",
      "instances": [
        {
          "schema_version": 0,
          "attributes": {
            "id": "/subscriptions/7d5282a7-b9fc-4ebe-877a-f837b0827639/resourceGroups/myresourcegoup/providers/Microsoft.Network/networkSecurityGroups/myNetworkSecurityGroup1",
            "location": "westeurope",
            "name": "myNetworkSecurityGroup1",
            "resource_group_name": "myresourcegoup",
            "security_rule": [
              {
                "access": "Allow",
                "description": "",
                "destination_address_prefix": "*",
                "destination_address_prefixes": [],
                "destination_application_security_group_ids": [],
                "destination_port_range": "22",
                "destination_port_ranges": [],
                "direction": "Inbound",
                "name": "rule1",
                "priority": 1001,
                "protocol": "Tcp",
                "source_address_prefix": "*",
                "source_address_prefixes": [],
                "source_application_security_group_ids": [],
                "source_port_range": "*",
                "source_port_ranges": []
              }
            ],
            "tags": {},
            "timeouts": null
          },
          "sensitive_attributes": [],
          "private": "eyJlMmJmYjczMC1lY2FhLTExZTYtOGY4OC0zNDM2M2JjN2M0YzAiOnsiY3JlYXRlIjoxODAwMDAwMDAwMDAwLCJkZWxldGUiOjE4MDAwMDAwMDAwMDAsInJlYWQiOjMwMDAwMDAwMDAwMCwidXBkYXRlIjoxODAwMDAwMDAwMDAwfX0=",
          "dependencies": [
            "azurerm_resource_group.rg"
          ]
        }
      ]
    },
    {
      "mode": "managed",
      "type": "azurerm_network_security_group",
      "name": "myterraformnsg2",
      "provider": "provider[\"registry.terraform.io/hashicorp/azurerm\"]",
      "instances": [
        {
          "schema_version": 0,
          "attributes": {
            "id": "/subscriptions/7d5282a7-b9fc-4ebe-877a-f837b0827639/resourceGroups/myresourcegoup/providers/Microsoft.Network/networkSecurityGroups/myNetworkSecurityGroup2",
            "location": "westeurope",
            "name": "myNetworkSecurityGroup2",
            "resource_group_name": "myresourcegoup",
            "security_rule": [
              {
                "access": "Allow",
                "description": "",
                "destination_address_prefix": "*",
                "destination_address_prefixes": [],
                "destination_application_security_group_ids": [],
                "destination_port_range": "80",
                "destination_port_ranges": [],
                "direction": "Inbound",
                "name": "rule2",
                "priority": 1002,
                "protocol": "Tcp",
                "source_address_prefix": "*",
                "source_address_prefixes": [],
                "source_application_security_group_ids": [],
                "source_port_range": "*",
                "source_port_ranges": []
              }
            ],
            "tags": {},
            "timeouts": null
          },
          "sensitive_attributes": [],
          "private": "eyJlMmJmYjczMC1lY2FhLTExZTYtOGY4OC0zNDM2M2JjN2M0YzAiOnsiY3JlYXRlIjoxODAwMDAwMDAwMDAwLCJkZWxldGUiOjE4MDAwMDAwMDAwMDAsInJlYWQiOjMwMDAwMDAwMDAwMCwidXBkYXRlIjoxODAwMDAwMDAwMDAwfX0=",
          "dependencies": [
            "azurerm_resource_group.rg"
          ]
        }
      ]
    },
    {
      "mode": "managed",
      "type": "azurerm_public_ip",
      "name": "myterraformpublicip1",
      "provider": "provider[\"registry.terraform.io/hashicorp/azurerm\"]",
      "instances": [
        {
          "schema_version": 0,
          "attributes": {
            "allocation_method": "Dynamic",
            "availability_zone": "No-Zone",
            "domain_name_label": null,
            "fqdn": null,
            "id": "/subscriptions/7d5282a7-b9fc-4ebe-877a-f837b0827639/resourceGroups/myresourcegoup/providers/Microsoft.Network/publicIPAddresses/myPublicIP1",
            "idle_timeout_in_minutes": 4,
            "ip_address": "40.68.100.180",
            "ip_tags": {},
            "ip_version": "IPv4",
            "location": "westeurope",
            "name": "myPublicIP1",
            "public_ip_prefix_id": null,
            "resource_group_name": "myresourcegoup",
            "reverse_fqdn": null,
            "sku": "Basic",
            "sku_tier": "Regional",
            "tags": {},
            "timeouts": null,
            "zones": []
          },
          "sensitive_attributes": [],
          "private": "eyJlMmJmYjczMC1lY2FhLTExZTYtOGY4OC0zNDM2M2JjN2M0YzAiOnsiY3JlYXRlIjoxODAwMDAwMDAwMDAwLCJkZWxldGUiOjE4MDAwMDAwMDAwMDAsInJlYWQiOjMwMDAwMDAwMDAwMCwidXBkYXRlIjoxODAwMDAwMDAwMDAwfX0=",
          "dependencies": [
            "azurerm_resource_group.rg"
          ]
        }
      ]
    },
    {
      "mode": "managed",
      "type": "azurerm_public_ip",
      "name": "myterraformpublicip2",
      "provider": "provider[\"registry.terraform.io/hashicorp/azurerm\"]",
      "instances": [
        {
          "schema_version": 0,
          "attributes": {
            "allocation_method": "Dynamic",
            "availability_zone": "No-Zone",
            "domain_name_label": null,
            "fqdn": null,
            "id": "/subscriptions/7d5282a7-b9fc-4ebe-877a-f837b0827639/resourceGroups/myresourcegoup/providers/Microsoft.Network/publicIPAddresses/myPublicIP2",
            "idle_timeout_in_minutes": 4,
            "ip_address": "40.68.103.80",
            "ip_tags": {},
            "ip_version": "IPv4",
            "location": "westeurope",
            "name": "myPublicIP2",
            "public_ip_prefix_id": null,
            "resource_group_name": "myresourcegoup",
            "reverse_fqdn": null,
            "sku": "Basic",
            "sku_tier": "Regional",
            "tags": {},
            "timeouts": null,
            "zones": []
          },
          "sensitive_attributes": [],
          "private": "eyJlMmJmYjczMC1lY2FhLTExZTYtOGY4OC0zNDM2M2JjN2M0YzAiOnsiY3JlYXRlIjoxODAwMDAwMDAwMDAwLCJkZWxldGUiOjE4MDAwMDAwMDAwMDAsInJlYWQiOjMwMDAwMDAwMDAwMCwidXBkYXRlIjoxODAwMDAwMDAwMDAwfX0=",
          "dependencies": [
            "azurerm_resource_group.rg"
          ]
        }
      ]
    },
    {
      "mode": "managed",
      "type": "azurerm_public_ip",
      "name": "publicip_lb",
      "provider": "provider[\"registry.terraform.io/hashicorp/azurerm\"]",
      "instances": [
        {
          "schema_version": 0,
          "attributes": {
            "allocation_method": "Static",
            "availability_zone": "No-Zone",
            "domain_name_label": null,
            "fqdn": null,
            "id": "/subscriptions/7d5282a7-b9fc-4ebe-877a-f837b0827639/resourceGroups/myresourcegoup/providers/Microsoft.Network/publicIPAddresses/PublicIPForLB",
            "idle_timeout_in_minutes": 4,
            "ip_address": "13.81.63.106",
            "ip_tags": {},
            "ip_version": "IPv4",
            "location": "westeurope",
            "name": "PublicIPForLB",
            "public_ip_prefix_id": null,
            "resource_group_name": "myresourcegoup",
            "reverse_fqdn": null,
            "sku": "Basic",
            "sku_tier": "Regional",
            "tags": {},
            "timeouts": null,
            "zones": []
          },
          "sensitive_attributes": [],
          "private": "eyJlMmJmYjczMC1lY2FhLTExZTYtOGY4OC0zNDM2M2JjN2M0YzAiOnsiY3JlYXRlIjoxODAwMDAwMDAwMDAwLCJkZWxldGUiOjE4MDAwMDAwMDAwMDAsInJlYWQiOjMwMDAwMDAwMDAwMCwidXBkYXRlIjoxODAwMDAwMDAwMDAwfX0=",
          "dependencies": [
            "azurerm_resource_group.rg"
          ]
        }
      ]
    },
    {
      "mode": "managed",
      "type": "azurerm_resource_group",
      "name": "rg",
      "provider": "provider[\"registry.terraform.io/hashicorp/azurerm\"]",
      "instances": [
        {
          "schema_version": 0,
          "attributes": {
            "id": "/subscriptions/7d5282a7-b9fc-4ebe-877a-f837b0827639/resourceGroups/myresourcegoup",
            "location": "westeurope",
            "name": "myresourcegoup",
            "tags": {},
            "timeouts": null
          },
          "sensitive_attributes": [],
          "private": "eyJlMmJmYjczMC1lY2FhLTExZTYtOGY4OC0zNDM2M2JjN2M0YzAiOnsiY3JlYXRlIjo1NDAwMDAwMDAwMDAwLCJkZWxldGUiOjU0MDAwMDAwMDAwMDAsInJlYWQiOjMwMDAwMDAwMDAwMCwidXBkYXRlIjo1NDAwMDAwMDAwMDAwfX0="
        }
      ]
    },
    {
      "mode": "managed",
      "type": "azurerm_storage_account",
      "name": "mystorageaccount",
      "provider": "provider[\"registry.terraform.io/hashicorp/azurerm\"]",
      "instances": [
        {
          "schema_version": 2,
          "attributes": {
            "access_tier": "Hot",
            "account_kind": "StorageV2",
            "account_replication_type": "LRS",
            "account_tier": "Standard",
            "allow_blob_public_access": false,
            "azure_files_authentication": [],
            "blob_properties": [
              {
                "change_feed_enabled": false,
                "container_delete_retention_policy": [],
                "cors_rule": [],
                "default_service_version": "",
                "delete_retention_policy": [],
                "last_access_time_enabled": false,
                "versioning_enabled": false
              }
            ],
            "custom_domain": [],
            "customer_managed_key": [],
            "enable_https_traffic_only": true,
            "id": "/subscriptions/7d5282a7-b9fc-4ebe-877a-f837b0827639/resourceGroups/myresourcegoup/providers/Microsoft.Storage/storageAccounts/ishanstorage",
            "identity": [],
            "infrastructure_encryption_enabled": false,
            "is_hns_enabled": false,
            "large_file_share_enabled": null,
            "location": "westeurope",
            "min_tls_version": "TLS1_0",
            "name": "ishanstorage",
            "network_rules": [
              {
                "bypass": [
                  "AzureServices"
                ],
                "default_action": "Allow",
                "ip_rules": [],
                "private_link_access": [],
                "virtual_network_subnet_ids": []
              }
            ],
            "nfsv3_enabled": false,
            "primary_access_key": "8c/KELWZ5poAtIBFgyL7sQ2m9E6uqd2WcQ9rj3aSp08pzlxqBqkGBbLcakxwnpwg68dtXzEvTzE3+AStn31V9w==",
            "primary_blob_connection_string": "DefaultEndpointsProtocol=https;BlobEndpoint=https://ishanstorage.blob.core.windows.net/;AccountName=ishanstorage;AccountKey=8c/KELWZ5poAtIBFgyL7sQ2m9E6uqd2WcQ9rj3aSp08pzlxqBqkGBbLcakxwnpwg68dtXzEvTzE3+AStn31V9w==",
            "primary_blob_endpoint": "https://ishanstorage.blob.core.windows.net/",
            "primary_blob_host": "ishanstorage.blob.core.windows.net",
            "primary_connection_string": "DefaultEndpointsProtocol=https;AccountName=ishanstorage;AccountKey=8c/KELWZ5poAtIBFgyL7sQ2m9E6uqd2WcQ9rj3aSp08pzlxqBqkGBbLcakxwnpwg68dtXzEvTzE3+AStn31V9w==;EndpointSuffix=core.windows.net",
            "primary_dfs_endpoint": "https://ishanstorage.dfs.core.windows.net/",
            "primary_dfs_host": "ishanstorage.dfs.core.windows.net",
            "primary_file_endpoint": "https://ishanstorage.file.core.windows.net/",
            "primary_file_host": "ishanstorage.file.core.windows.net",
            "primary_location": "westeurope",
            "primary_queue_endpoint": "https://ishanstorage.queue.core.windows.net/",
            "primary_queue_host": "ishanstorage.queue.core.windows.net",
            "primary_table_endpoint": "https://ishanstorage.table.core.windows.net/",
            "primary_table_host": "ishanstorage.table.core.windows.net",
            "primary_web_endpoint": "https://ishanstorage.z6.web.core.windows.net/",
            "primary_web_host": "ishanstorage.z6.web.core.windows.net",
            "queue_encryption_key_type": "Service",
            "queue_properties": [
              {
                "cors_rule": [],
                "hour_metrics": [
                  {
                    "enabled": true,
                    "include_apis": true,
                    "retention_policy_days": 7,
                    "version": "1.0"
                  }
                ],
                "logging": [
                  {
                    "delete": false,
                    "read": false,
                    "retention_policy_days": 0,
                    "version": "1.0",
                    "write": false
                  }
                ],
                "minute_metrics": [
                  {
                    "enabled": false,
                    "include_apis": false,
                    "retention_policy_days": 0,
                    "version": "1.0"
                  }
                ]
              }
            ],
            "resource_group_name": "myresourcegoup",
            "routing": [],
            "secondary_access_key": "xgHj9aX+oBIm42Wf6nhajzr7r/mWRaktInyjDXk7ckvB2maSMnCVAMgkP+1K29kvil/YU2QuR12E+AStv3q3aw==",
            "secondary_blob_connection_string": "",
            "secondary_blob_endpoint": null,
            "secondary_blob_host": null,
            "secondary_connection_string": "DefaultEndpointsProtocol=https;AccountName=ishanstorage;AccountKey=xgHj9aX+oBIm42Wf6nhajzr7r/mWRaktInyjDXk7ckvB2maSMnCVAMgkP+1K29kvil/YU2QuR12E+AStv3q3aw==;EndpointSuffix=core.windows.net",
            "secondary_dfs_endpoint": null,
            "secondary_dfs_host": null,
            "secondary_file_endpoint": null,
            "secondary_file_host": null,
            "secondary_location": "",
            "secondary_queue_endpoint": null,
            "secondary_queue_host": null,
            "secondary_table_endpoint": null,
            "secondary_table_host": null,
            "secondary_web_endpoint": null,
            "secondary_web_host": null,
            "share_properties": [
              {
                "cors_rule": [],
                "retention_policy": [
                  {
                    "days": 7
                  }
                ],
                "smb": []
              }
            ],
            "shared_access_key_enabled": true,
            "static_website": [],
            "table_encryption_key_type": "Service",
            "tags": {},
            "timeouts": null
          },
          "sensitive_attributes": [],
          "private": "eyJlMmJmYjczMC1lY2FhLTExZTYtOGY4OC0zNDM2M2JjN2M0YzAiOnsiY3JlYXRlIjozNjAwMDAwMDAwMDAwLCJkZWxldGUiOjM2MDAwMDAwMDAwMDAsInJlYWQiOjMwMDAwMDAwMDAwMCwidXBkYXRlIjozNjAwMDAwMDAwMDAwfSwic2NoZW1hX3ZlcnNpb24iOiIyIn0=",
          "dependencies": [
            "azurerm_resource_group.rg"
          ]
        }
      ]
    },
    {
      "mode": "managed",
      "type": "azurerm_subnet",
      "name": "myterraformsubnet1",
      "provider": "provider[\"registry.terraform.io/hashicorp/azurerm\"]",
      "instances": [
        {
          "schema_version": 0,
          "attributes": {
            "address_prefix": "10.0.1.0/24",
            "address_prefixes": [
              "10.0.1.0/24"
            ],
            "delegation": [],
            "enforce_private_link_endpoint_network_policies": false,
            "enforce_private_link_service_network_policies": false,
            "id": "/subscriptions/7d5282a7-b9fc-4ebe-877a-f837b0827639/resourceGroups/myresourcegoup/providers/Microsoft.Network/virtualNetworks/myVnet/subnets/mySubnet1",
            "name": "mySubnet1",
            "resource_group_name": "myresourcegoup",
            "service_endpoint_policy_ids": [],
            "service_endpoints": [],
            "timeouts": null,
            "virtual_network_name": "myVnet"
          },
          "sensitive_attributes": [],
          "private": "eyJlMmJmYjczMC1lY2FhLTExZTYtOGY4OC0zNDM2M2JjN2M0YzAiOnsiY3JlYXRlIjoxODAwMDAwMDAwMDAwLCJkZWxldGUiOjE4MDAwMDAwMDAwMDAsInJlYWQiOjMwMDAwMDAwMDAwMCwidXBkYXRlIjoxODAwMDAwMDAwMDAwfX0=",
          "dependencies": [
            "azurerm_resource_group.rg",
            "azurerm_virtual_network.myterraformnetwork"
          ]
        }
      ]
    },
    {
      "mode": "managed",
      "type": "azurerm_subnet",
      "name": "myterraformsubnet2",
      "provider": "provider[\"registry.terraform.io/hashicorp/azurerm\"]",
      "instances": [
        {
          "schema_version": 0,
          "attributes": {
            "address_prefix": "10.0.2.0/24",
            "address_prefixes": [
              "10.0.2.0/24"
            ],
            "delegation": [],
            "enforce_private_link_endpoint_network_policies": false,
            "enforce_private_link_service_network_policies": false,
            "id": "/subscriptions/7d5282a7-b9fc-4ebe-877a-f837b0827639/resourceGroups/myresourcegoup/providers/Microsoft.Network/virtualNetworks/myVnet/subnets/mySubnet2",
            "name": "mySubnet2",
            "resource_group_name": "myresourcegoup",
            "service_endpoint_policy_ids": [],
            "service_endpoints": [],
            "timeouts": null,
            "virtual_network_name": "myVnet"
          },
          "sensitive_attributes": [],
          "private": "eyJlMmJmYjczMC1lY2FhLTExZTYtOGY4OC0zNDM2M2JjN2M0YzAiOnsiY3JlYXRlIjoxODAwMDAwMDAwMDAwLCJkZWxldGUiOjE4MDAwMDAwMDAwMDAsInJlYWQiOjMwMDAwMDAwMDAwMCwidXBkYXRlIjoxODAwMDAwMDAwMDAwfX0=",
          "dependencies": [
            "azurerm_resource_group.rg",
            "azurerm_virtual_network.myterraformnetwork"
          ]
        }
      ]
    },
    {
      "mode": "managed",
      "type": "azurerm_virtual_network",
      "name": "myterraformnetwork",
      "provider": "provider[\"registry.terraform.io/hashicorp/azurerm\"]",
      "instances": [
        {
          "schema_version": 0,
          "attributes": {
            "address_space": [
              "10.0.0.0/16"
            ],
            "bgp_community": "",
            "ddos_protection_plan": [],
            "dns_servers": [],
            "flow_timeout_in_minutes": 0,
            "guid": "82d8c9c1-2200-4641-ada2-75b6b54a9424",
            "id": "/subscriptions/7d5282a7-b9fc-4ebe-877a-f837b0827639/resourceGroups/myresourcegoup/providers/Microsoft.Network/virtualNetworks/myVnet",
            "location": "westeurope",
            "name": "myVnet",
            "resource_group_name": "myresourcegoup",
            "subnet": [
              {
                "address_prefix": "10.0.1.0/24",
                "id": "/subscriptions/7d5282a7-b9fc-4ebe-877a-f837b0827639/resourceGroups/myresourcegoup/providers/Microsoft.Network/virtualNetworks/myVnet/subnets/mySubnet1",
                "name": "mySubnet1",
                "security_group": ""
              },
              {
                "address_prefix": "10.0.2.0/24",
                "id": "/subscriptions/7d5282a7-b9fc-4ebe-877a-f837b0827639/resourceGroups/myresourcegoup/providers/Microsoft.Network/virtualNetworks/myVnet/subnets/mySubnet2",
                "name": "mySubnet2",
                "security_group": ""
              }
            ],
            "tags": {},
            "timeouts": null,
            "vm_protection_enabled": false
          },
          "sensitive_attributes": [],
          "private": "eyJlMmJmYjczMC1lY2FhLTExZTYtOGY4OC0zNDM2M2JjN2M0YzAiOnsiY3JlYXRlIjoxODAwMDAwMDAwMDAwLCJkZWxldGUiOjE4MDAwMDAwMDAwMDAsInJlYWQiOjMwMDAwMDAwMDAwMCwidXBkYXRlIjoxODAwMDAwMDAwMDAwfX0=",
          "dependencies": [
            "azurerm_resource_group.rg"
          ]
        }
      ]
    },
    {
      "mode": "managed",
      "type": "tls_private_key",
      "name": "example_ssh",
      "provider": "provider[\"registry.terraform.io/hashicorp/tls\"]",
      "instances": [
        {
          "schema_version": 0,
          "attributes": {
            "algorithm": "RSA",
            "ecdsa_curve": "P224",
            "id": "133043e4f9aa15b6018c5484d78917eb98b3f6d2",
            "private_key_openssh": "-----BEGIN OPENSSH PRIVATE KEY-----\nb3BlbnNzaC1rZXktdjEAAAAABG5vbmUAAAAEbm9uZQAAAAAAAAABAAACFwAAAAdz\nc2gtcnNhAAAAAwEAAQAAAgEAzO0h2nufqgnb6BDbZhiqI1Jk8yFA0sPP/jEUegGd\npySj5/Gj4MZ18qHPSM1iYpFAkASEdwcqGOnt/P1mjfM03shkI298n7w5jJWeaT4x\nwCX45jvpCzfdje+bi9lSHABQOmXTWrTX32Ebbd8X1Cx6C/Ln3BdowS/xwbvZ0g70\nT92L2aBK3nMUFKQMkCeBMPIhNlI7DPLSgH73qAh73QU/+ELHQnc62X0UT8UNDTzr\nvZ3URRtAzW97YqAgdEhH4yReYKS9EO//BbZ3RIytxRe0W3LaEawZzcY4Tm54k+1w\nbUlHQA6Nz4NfnNVQTAXCZIGnk1mWZwcjCQmvADNMPhI8SpqXqr+NQaEEJcdN4lmu\n7u9ORQ4en2ZRilclKxZbHkF+sLCQKyoj0sEspZuHp1vUQJRLXmVrO+R5SiBESsfU\nj8YvI1OyVW1zh62CHuw3r4UQvyT8II7C0YLPScAoUnPwtvyMWMkfLGry8pxowftN\nQcRB4758DyfvaJ1HgDPS5BiCMjHbpYmergvvY/JiaKy3ToJIwfyaDIsZQmRI7yV3\n7ZAyoGLOunj0An/kYHvJ881qBLu+J+Y51va3sv305otOeS3U/hTDXmkojxyQ//xP\nKDl8P7ChFK64tJHWA8/+uIFIKqqU5kx+3t8xvdyZVY12NsGLU+BkJL3r83EWhxSP\nPD8AAAc4SuEqZ0rhKmcAAAAHc3NoLXJzYQAAAgEAzO0h2nufqgnb6BDbZhiqI1Jk\n8yFA0sPP/jEUegGdpySj5/Gj4MZ18qHPSM1iYpFAkASEdwcqGOnt/P1mjfM03shk\nI298n7w5jJWeaT4xwCX45jvpCzfdje+bi9lSHABQOmXTWrTX32Ebbd8X1Cx6C/Ln\n3BdowS/xwbvZ0g70T92L2aBK3nMUFKQMkCeBMPIhNlI7DPLSgH73qAh73QU/+ELH\nQnc62X0UT8UNDTzrvZ3URRtAzW97YqAgdEhH4yReYKS9EO//BbZ3RIytxRe0W3La\nEawZzcY4Tm54k+1wbUlHQA6Nz4NfnNVQTAXCZIGnk1mWZwcjCQmvADNMPhI8SpqX\nqr+NQaEEJcdN4lmu7u9ORQ4en2ZRilclKxZbHkF+sLCQKyoj0sEspZuHp1vUQJRL\nXmVrO+R5SiBESsfUj8YvI1OyVW1zh62CHuw3r4UQvyT8II7C0YLPScAoUnPwtvyM\nWMkfLGry8pxowftNQcRB4758DyfvaJ1HgDPS5BiCMjHbpYmergvvY/JiaKy3ToJI\nwfyaDIsZQmRI7yV37ZAyoGLOunj0An/kYHvJ881qBLu+J+Y51va3sv305otOeS3U\n/hTDXmkojxyQ//xPKDl8P7ChFK64tJHWA8/+uIFIKqqU5kx+3t8xvdyZVY12NsGL\nU+BkJL3r83EWhxSPPD8AAAADAQABAAACAQCa2joxsic1w5t0IoDYBp1Scams+5zT\nZ3pdl9LkWyI5sntVAwkWCoIIZfOQDPtihmZmLbO3iidqiiL3gLilXXm/O2hISq++\nuOo37Lu2xXOswkTyHaV9f6qg3cYJiJ/+XtJBPr7WlT9nIicrAGEuSKm1K8m/S8Ux\n7rvd7MitbfV6AGz0d6b7r7Ql4M1JhUCfrugf90V+BGPDC66zQC3xF01+mV+fPx+u\nR1E48itprHZrY7+KtQxj8PEo1t2PYStJXisfFn10Nhbcx0Qa/b815zK3w/M7VXRu\nRXI4+kuNZOgG/U+k/Rp2C80NYzf5KoT5k+wAcbswgXkdFD80hI8BfKAnWPPOGCt2\n4qkbPrcYTYovc6rdTDsr0lw8bqzLGE9yw8PSPoGhauw/1Htc2aqbUfnbChKA5Oku\n+fuWwbcM8bkvCz9JWbGwlJM+75V2HoUMw9YvpTnlLTLShXoj4Uh/r5Vub0joJy+X\nwvfZjgxC3OjNmBHtPDRVLp/2P1ZqY/QBmdSrD4YbbXfIhpr2hV++l1iiZiN+Iyrt\navy3VHdR7EfwGQmmkROGoVEdkSppqhiO2pTEbamGeV2BICHiUMbK33MKYRq3C4tW\ngV6AZ8DECOoL6P8dtRQx05S2Fjr3lITwnzLCKtYwxE5YlUBOJ0HrsC1uQUSAZA1D\nQ52M/MfdbymWsQAAAQArw/vqB85AL/TCBSkc2TYOi9NMg1I9JVOMEsfoLWrlQF6V\nd0i9Nyyv7vH2646mD7kYdBk1V+fW5CjxGKHXzT172uxrngfI855zKkcbpntBXHLl\n49SqLJtFXAzK5D04XAFVCt6PiLZgAUA3Vok9yzFBcUcSzwC5LcbNwHoOYKcBMwh/\n4walwzXPl8DGztFa2rUOjhcBmZC5/Bi7IgXDACJo+VFcIgxxhCkXrLGm+nTvK7l3\nFawU5lSKq4n5QoICStkXehPK8D/C5Ase5ZUsoJBbfQoc2Cd4dEvQy3kKz6ehxugS\nhH/Po75wAz2XngII0P8JEuDvTgMo+BWS+uB2g1ltAAABAQDWBlouUWqjQdP1pq47\nlVHdRJEhrbcuybTqWb5yzo/FE7QT+ij7GhghQvq+MAp4kBv79C3FRPDKqQLA6/tu\nQVUmD+rdJfB+8ZDqkEkJiUtnJYOYhm1yg7pmwHlr6PAVvLjID4LTDTgBfnEgfHRt\nOYhjZ1Cm/G78LZlU4YuFGLWMO/sF8jMwMSlaLqg7yriKEHNf1tWMVDXyE/hygGiE\nZ3PGwx4CigHmi0LkTVD1JJQT+euojeDL1KwDatv/xY/Saj5LkG4KgujtDUAgj5JE\ntzYDqaF4xmnpDI+s6ePkOMSDehAOqsWDRA+7yMg62Vx1ci1+NVgMDvs4GCNNS3Gm\nlm/XAAABAQD1HfdkP1rK6elw6a5Oe3lR+w7vHxo3imdm1/S7G6SRdt74GAW6HsJR\nZ8a+Ggk5J0hXXVoYy7uS7X9C8hvz25sVKfRCXS0jTDCnTrV9Tg3jWyAHwBQvNnGG\nSKwNxwxEdueN93sO7kF2fSwKfmS3wkti5JtMy+Gj+VLZxYBsN4D73jmW+6nhW+lj\n/lXYUNZrOP5tOD+EMexMiOc0VbqZLTxgIfyy74bqkWfeFpf88yWDEajgvyQzUQqF\nHbwVTTGAfVScXNjqbB5jdZd/jFrjEn2m/T7pFv5Ug2qzclIzTbV7vOyml69JN1n3\nsEH9dAKdfKOlbMWVvpAacOUkGq4BxynZAAAAAAEC\n-----END OPENSSH PRIVATE KEY-----\n",
            "private_key_pem": "-----BEGIN RSA PRIVATE KEY-----\nMIIJKQIBAAKCAgEAzO0h2nufqgnb6BDbZhiqI1Jk8yFA0sPP/jEUegGdpySj5/Gj\n4MZ18qHPSM1iYpFAkASEdwcqGOnt/P1mjfM03shkI298n7w5jJWeaT4xwCX45jvp\nCzfdje+bi9lSHABQOmXTWrTX32Ebbd8X1Cx6C/Ln3BdowS/xwbvZ0g70T92L2aBK\n3nMUFKQMkCeBMPIhNlI7DPLSgH73qAh73QU/+ELHQnc62X0UT8UNDTzrvZ3URRtA\nzW97YqAgdEhH4yReYKS9EO//BbZ3RIytxRe0W3LaEawZzcY4Tm54k+1wbUlHQA6N\nz4NfnNVQTAXCZIGnk1mWZwcjCQmvADNMPhI8SpqXqr+NQaEEJcdN4lmu7u9ORQ4e\nn2ZRilclKxZbHkF+sLCQKyoj0sEspZuHp1vUQJRLXmVrO+R5SiBESsfUj8YvI1Oy\nVW1zh62CHuw3r4UQvyT8II7C0YLPScAoUnPwtvyMWMkfLGry8pxowftNQcRB4758\nDyfvaJ1HgDPS5BiCMjHbpYmergvvY/JiaKy3ToJIwfyaDIsZQmRI7yV37ZAyoGLO\nunj0An/kYHvJ881qBLu+J+Y51va3sv305otOeS3U/hTDXmkojxyQ//xPKDl8P7Ch\nFK64tJHWA8/+uIFIKqqU5kx+3t8xvdyZVY12NsGLU+BkJL3r83EWhxSPPD8CAwEA\nAQKCAgEAmto6MbInNcObdCKA2AadUnGprPuc02d6XZfS5FsiObJ7VQMJFgqCCGXz\nkAz7YoZmZi2zt4onaooi94C4pV15vztoSEqvvrjqN+y7tsVzrMJE8h2lfX+qoN3G\nCYif/l7SQT6+1pU/ZyInKwBhLkiptSvJv0vFMe673ezIrW31egBs9Hem+6+0JeDN\nSYVAn67oH/dFfgRjwwuus0At8RdNfplfnz8frkdROPIraax2a2O/irUMY/DxKNbd\nj2ErSV4rHxZ9dDYW3MdEGv2/Necyt8PzO1V0bkVyOPpLjWToBv1PpP0adgvNDWM3\n+SqE+ZPsAHG7MIF5HRQ/NISPAXygJ1jzzhgrduKpGz63GE2KL3Oq3Uw7K9JcPG6s\nyxhPcsPD0j6BoWrsP9R7XNmqm1H52woSgOTpLvn7lsG3DPG5Lws/SVmxsJSTPu+V\ndh6FDMPWL6U55S0y0oV6I+FIf6+Vbm9I6Ccvl8L32Y4MQtzozZgR7Tw0VS6f9j9W\namP0AZnUqw+GG213yIaa9oVfvpdYomYjfiMq7Wr8t1R3UexH8BkJppEThqFRHZEq\naaoYjtqUxG2phnldgSAh4lDGyt9zCmEatwuLVoFegGfAxAjqC+j/HbUUMdOUthY6\n95SE8J8ywirWMMROWJVATidB67AtbkFEgGQNQ0OdjPzH3W8plrECggEBANYGWi5R\naqNB0/WmrjuVUd1EkSGtty7JtOpZvnLOj8UTtBP6KPsaGCFC+r4wCniQG/v0LcVE\n8MqpAsDr+25BVSYP6t0l8H7xkOqQSQmJS2clg5iGbXKDumbAeWvo8BW8uMgPgtMN\nOAF+cSB8dG05iGNnUKb8bvwtmVThi4UYtYw7+wXyMzAxKVouqDvKuIoQc1/W1YxU\nNfIT+HKAaIRnc8bDHgKKAeaLQuRNUPUklBP566iN4MvUrANq2//Fj9JqPkuQbgqC\n6O0NQCCPkkS3NgOpoXjGaekMj6zp4+Q4xIN6EA6qxYNED7vIyDrZXHVyLX41WAwO\n+zgYI01LcaaWb9cCggEBAPUd92Q/Wsrp6XDprk57eVH7Du8fGjeKZ2bX9LsbpJF2\n3vgYBboewlFnxr4aCTknSFddWhjLu5Ltf0LyG/PbmxUp9EJdLSNMMKdOtX1ODeNb\nIAfAFC82cYZIrA3HDER25433ew7uQXZ9LAp+ZLfCS2Lkm0zL4aP5UtnFgGw3gPve\nOZb7qeFb6WP+VdhQ1ms4/m04P4Qx7EyI5zRVupktPGAh/LLvhuqRZ94Wl/zzJYMR\nqOC/JDNRCoUdvBVNMYB9VJxc2OpsHmN1l3+MWuMSfab9PukW/lSDarNyUjNNtXu8\n7KaXr0k3WfewQf10Ap18o6VsxZW+kBpw5SQargHHKdkCggEBAKMcxkAEpsvzkHHo\nbWNVosWKyz0qorBS48GzUdU3nhSptpV/ExqEQZ2f6W9nN6O42MsFxphQuV8KveGA\nN+hIfHd8rBeNIaPtwO8ztaZB76iVy5xD30fmIvrKd/+I0OkQIpe+Uos8yNFCpz8F\n+sl/jnWLuMj7HC6vJeut1WJDeaF92QsoEmEJJqXnZynijxASB4wkNC41w8NR+whw\n2rcGDROPguCWg2pL+lf6oNej4AL1dufH8WoHFG2qVC6zR7Aqbn2yflseeByp+5SV\nNvmN0+morzpXpUIK47j5rEg0B3jYX0J+XfdzuLX6CLfpDnEn6ooEZ60RAd83bjgr\nZlt6zZMCggEATWIigiGGNl1Wd3EuuFQ+3uTVuCQnkLU/I7a16oQ1lj7i8YwT8shX\nLIAIvGdX1hVSv1IXaZCYLTCRZr8sl/YSpcHS/UiRQX2CNq+gmGiV9dsE5616MdWM\nTYqP1uGqO8sWGzmwPex1+kRWLRHuFh1e01+8r6gGGlBSGbJCcueq7tkfcU0OOrlb\nm1fmHh6XMs6RdEW3t7JTGW53H4yZFlazot3X+12nSFKTagfT/+V7SD/BAwMVGKZT\nHedfQ5JVOG1Y0ux1Br0PcvLi2z+iSeHCjX+R5uB9dozumKxUyyGTU/c29vkYO5Mf\n8hRRIQUI9lMtDsKiNj4tHEvb62QI30LTMQKCAQArw/vqB85AL/TCBSkc2TYOi9NM\ng1I9JVOMEsfoLWrlQF6Vd0i9Nyyv7vH2646mD7kYdBk1V+fW5CjxGKHXzT172uxr\nngfI855zKkcbpntBXHLl49SqLJtFXAzK5D04XAFVCt6PiLZgAUA3Vok9yzFBcUcS\nzwC5LcbNwHoOYKcBMwh/4walwzXPl8DGztFa2rUOjhcBmZC5/Bi7IgXDACJo+VFc\nIgxxhCkXrLGm+nTvK7l3FawU5lSKq4n5QoICStkXehPK8D/C5Ase5ZUsoJBbfQoc\n2Cd4dEvQy3kKz6ehxugShH/Po75wAz2XngII0P8JEuDvTgMo+BWS+uB2g1lt\n-----END RSA PRIVATE KEY-----\n",
            "public_key_fingerprint_md5": "98:c8:ef:a1:f3:3a:8a:22:25:d3:a5:f5:8b:a9:71:b7",
            "public_key_fingerprint_sha256": "SHA256:UClTLDXrGVL4bUiGmXZa4y8oH8cR3PzNbCVJcg/fYkc",
            "public_key_openssh": "ssh-rsa AAAAB3NzaC1yc2EAAAADAQABAAACAQDM7SHae5+qCdvoENtmGKojUmTzIUDSw8/+MRR6AZ2nJKPn8aPgxnXyoc9IzWJikUCQBIR3ByoY6e38/WaN8zTeyGQjb3yfvDmMlZ5pPjHAJfjmO+kLN92N75uL2VIcAFA6ZdNatNffYRtt3xfULHoL8ufcF2jBL/HBu9nSDvRP3YvZoErecxQUpAyQJ4Ew8iE2UjsM8tKAfveoCHvdBT/4QsdCdzrZfRRPxQ0NPOu9ndRFG0DNb3tioCB0SEfjJF5gpL0Q7/8FtndEjK3FF7RbctoRrBnNxjhObniT7XBtSUdADo3Pg1+c1VBMBcJkgaeTWZZnByMJCa8AM0w+EjxKmpeqv41BoQQlx03iWa7u705FDh6fZlGKVyUrFlseQX6wsJArKiPSwSylm4enW9RAlEteZWs75HlKIERKx9SPxi8jU7JVbXOHrYIe7DevhRC/JPwgjsLRgs9JwChSc/C2/IxYyR8savLynGjB+01BxEHjvnwPJ+9onUeAM9LkGIIyMduliZ6uC+9j8mJorLdOgkjB/JoMixlCZEjvJXftkDKgYs66ePQCf+Rge8nzzWoEu74n5jnW9rey/fTmi055LdT+FMNeaSiPHJD//E8oOXw/sKEUrri0kdYDz/64gUgqqpTmTH7e3zG93JlVjXY2wYtT4GQkvevzcRaHFI88Pw==\n",
            "public_key_pem": "-----BEGIN PUBLIC KEY-----\nMIICIjANBgkqhkiG9w0BAQEFAAOCAg8AMIICCgKCAgEAzO0h2nufqgnb6BDbZhiq\nI1Jk8yFA0sPP/jEUegGdpySj5/Gj4MZ18qHPSM1iYpFAkASEdwcqGOnt/P1mjfM0\n3shkI298n7w5jJWeaT4xwCX45jvpCzfdje+bi9lSHABQOmXTWrTX32Ebbd8X1Cx6\nC/Ln3BdowS/xwbvZ0g70T92L2aBK3nMUFKQMkCeBMPIhNlI7DPLSgH73qAh73QU/\n+ELHQnc62X0UT8UNDTzrvZ3URRtAzW97YqAgdEhH4yReYKS9EO//BbZ3RIytxRe0\nW3LaEawZzcY4Tm54k+1wbUlHQA6Nz4NfnNVQTAXCZIGnk1mWZwcjCQmvADNMPhI8\nSpqXqr+NQaEEJcdN4lmu7u9ORQ4en2ZRilclKxZbHkF+sLCQKyoj0sEspZuHp1vU\nQJRLXmVrO+R5SiBESsfUj8YvI1OyVW1zh62CHuw3r4UQvyT8II7C0YLPScAoUnPw\ntvyMWMkfLGry8pxowftNQcRB4758DyfvaJ1HgDPS5BiCMjHbpYmergvvY/JiaKy3\nToJIwfyaDIsZQmRI7yV37ZAyoGLOunj0An/kYHvJ881qBLu+J+Y51va3sv305otO\neS3U/hTDXmkojxyQ//xPKDl8P7ChFK64tJHWA8/+uIFIKqqU5kx+3t8xvdyZVY12\nNsGLU+BkJL3r83EWhxSPPD8CAwEAAQ==\n-----END PUBLIC KEY-----\n",
            "rsa_bits": 4096
          },
          "sensitive_attributes": [],
          "private": "bnVsbA=="
        }
      ]
    }
  ]
}
